// !$*UTF8*$!
{
	archiveVersion = 1;
	classes = {
	};
	objectVersion = 46;
	objects = {

/* Begin PBXAggregateTarget section */
		1DCE365E9BA7408BAC9B82BD /* install */ = {
			isa = PBXAggregateTarget;
			buildConfigurationList = B680D68C6B534C23A6C4CAF1 /* Build configuration list for PBXAggregateTarget "install" */;
			buildPhases = (
				3103ECA728E74FF4AF6FF46C /* CMake PostBuild Rules */,
			);
			dependencies = (
				57E0DE43550F49BC9EBF1705 /* PBXTargetDependency */,
			);
			name = install;
			productName = install;
		};
		8F2C63E3C500428B89BB38FC /* ALL_BUILD */ = {
			isa = PBXAggregateTarget;
			buildConfigurationList = 10FCBBEDEC824D9AA84E4227 /* Build configuration list for PBXAggregateTarget "ALL_BUILD" */;
			buildPhases = (
				06BDE69CA46847C6A5F3F630 /* CMake Rules */,
			);
			dependencies = (
				64E6A9295DED474AB7A9C2B0 /* PBXTargetDependency */,
				FFD7F2797A9343529A50A872 /* PBXTargetDependency */,
			);
			name = ALL_BUILD;
			productName = ALL_BUILD;
		};
		A90B68F2B0D34442BD2BE7E2 /* RUN_TESTS */ = {
			isa = PBXAggregateTarget;
			buildConfigurationList = A2CEE02796484E759D08D99D /* Build configuration list for PBXAggregateTarget "RUN_TESTS" */;
			buildPhases = (
				090EE240D953465CA8847CEC /* CMake PostBuild Rules */,
			);
			dependencies = (
			);
			name = RUN_TESTS;
			productName = RUN_TESTS;
		};
		BB7838BC0DF94E1BAC35B3FD /* ZERO_CHECK */ = {
			isa = PBXAggregateTarget;
			buildConfigurationList = 2F1F4F689015429490D5AF9C /* Build configuration list for PBXAggregateTarget "ZERO_CHECK" */;
			buildPhases = (
				0D81E8EB31324E79A847A56B /* CMake Rules */,
			);
			dependencies = (
			);
			name = ZERO_CHECK;
			productName = ZERO_CHECK;
		};
/* End PBXAggregateTarget section */

/* Begin PBXBuildFile section */
		16898E5C82F8489893521DBC /* /Users/Yang/Material/Research/dart/apps/rigidBodies/CMakeLists.txt */ = {isa = PBXBuildFile; fileRef = 6BADA29A6FCF4FA192137EAF /* /Users/Yang/Material/Research/dart/apps/rigidBodies/CMakeLists.txt */; settings = {COMPILER_FLAGS = ""; }; };
		24D28424F70F41648CCD7E10 /* /Users/Yang/Material/Research/dart/apps/rigidBodies/MyWorld.h */ = {isa = PBXBuildFile; fileRef = DD7C22326E6340858C50D48C /* /Users/Yang/Material/Research/dart/apps/rigidBodies/MyWorld.h */; settings = {COMPILER_FLAGS = ""; }; };
		310927A92569496682407BD8 /* /Users/Yang/Material/Research/dart/apps/rigidBodies/RigidBody.h */ = {isa = PBXBuildFile; fileRef = D9B72A30E48C484FA818E253 /* /Users/Yang/Material/Research/dart/apps/rigidBodies/RigidBody.h */; settings = {COMPILER_FLAGS = ""; }; };
		41D784BAF7E243C0BC54FF6F /* /Users/Yang/Material/Research/dart/apps/rigidBodies/CollisionInterface.h */ = {isa = PBXBuildFile; fileRef = 71EDBF188A464F52A954C3FE /* /Users/Yang/Material/Research/dart/apps/rigidBodies/CollisionInterface.h */; settings = {COMPILER_FLAGS = ""; }; };
		5C86D13C1D864B329907BD4F /* /Users/Yang/Material/Research/dart/apps/rigidBodies/CollisionInterface.cpp */ = {isa = PBXBuildFile; fileRef = 7BF40E268C1244C09284F495 /* /Users/Yang/Material/Research/dart/apps/rigidBodies/CollisionInterface.cpp */; settings = {COMPILER_FLAGS = ""; }; };
		5EE3F8BD7B4541A79AD06C9B /* /Users/Yang/Material/Research/dart/apps/rigidBodies/MyWindow.h */ = {isa = PBXBuildFile; fileRef = 0F1AADD2E8294DAFA41272CA /* /Users/Yang/Material/Research/dart/apps/rigidBodies/MyWindow.h */; settings = {COMPILER_FLAGS = ""; }; };
		7321CD5DD4264A87BEE86814 /* /Users/Yang/Material/Research/dart/apps/rigidBodies/MyWorld.cpp */ = {isa = PBXBuildFile; fileRef = 05E82D843FFE4A9494D202EA /* /Users/Yang/Material/Research/dart/apps/rigidBodies/MyWorld.cpp */; settings = {COMPILER_FLAGS = ""; }; };
		7C12E3F7BAFB419BA4D4AAC0 /* /Users/Yang/Material/Research/dart/apps/rigidBodies/MyWindow.cpp */ = {isa = PBXBuildFile; fileRef = 3386E1FFB342495B8F4C114D /* /Users/Yang/Material/Research/dart/apps/rigidBodies/MyWindow.cpp */; settings = {COMPILER_FLAGS = ""; }; };
		A5C21BD326764F0BB491E85D /* /Users/Yang/Material/Research/dart/apps/rigidBodies/RigidBody.cpp */ = {isa = PBXBuildFile; fileRef = DB621CCE13FC4E76BAEA8E70 /* /Users/Yang/Material/Research/dart/apps/rigidBodies/RigidBody.cpp */; settings = {COMPILER_FLAGS = ""; }; };
		D1EA560DF56A4B4BB8C8FC5E /* /Users/Yang/Material/Research/dart/apps/rigidBodies/Main.cpp */ = {isa = PBXBuildFile; fileRef = 9C61C19B5C0C47A59DA592FC /* /Users/Yang/Material/Research/dart/apps/rigidBodies/Main.cpp */; settings = {COMPILER_FLAGS = ""; }; };
/* End PBXBuildFile section */

/* Begin PBXBuildStyle section */
		16E8BADD5EE34E2892750D8A /* MinSizeRel */ = {
			isa = PBXBuildStyle;
			buildSettings = {
				COPY_PHASE_STRIP = NO;
			};
			name = MinSizeRel;
		};
		4AB83776C488491883773C4C /* RelWithDebInfo */ = {
			isa = PBXBuildStyle;
			buildSettings = {
				COPY_PHASE_STRIP = NO;
			};
			name = RelWithDebInfo;
		};
		6C08B950C09B49F49F56480C /* Debug */ = {
			isa = PBXBuildStyle;
			buildSettings = {
				COPY_PHASE_STRIP = NO;
			};
			name = Debug;
		};
		6D81ECE2AD8E47FF9310392A = {
			isa = PBXBuildStyle;
		};
		C148C90438244694B4682384 /* Release */ = {
			isa = PBXBuildStyle;
			buildSettings = {
				COPY_PHASE_STRIP = NO;
			};
			name = Release;
		};
/* End PBXBuildStyle section */

/* Begin PBXContainerItemProxy section */
		462A37E7C0AC4FBCBA019C86 /* PBXContainerItemProxy */ = {
			isa = PBXContainerItemProxy;
			containerPortal = F002F363E9D34AFEA7B24C17 /* Project object */;
			proxyType = 1;
			remoteGlobalIDString = 8F2C63E3C500428B89BB38FC;
			remoteInfo = ALL_BUILD;
		};
		6023D3CF4F884FEDB2FF2FD2 /* PBXContainerItemProxy */ = {
			isa = PBXContainerItemProxy;
			containerPortal = F002F363E9D34AFEA7B24C17 /* Project object */;
			proxyType = 1;
			remoteGlobalIDString = 0980E81A01C741E6AC50AE52;
			remoteInfo = rigidBodies;
		};
		D47BF494155945C6A52F48C4 /* PBXContainerItemProxy */ = {
			isa = PBXContainerItemProxy;
			containerPortal = F002F363E9D34AFEA7B24C17 /* Project object */;
			proxyType = 1;
			remoteGlobalIDString = BB7838BC0DF94E1BAC35B3FD;
			remoteInfo = ZERO_CHECK;
		};
		FC721E3DB04D41598F4173AC /* PBXContainerItemProxy */ = {
			isa = PBXContainerItemProxy;
			containerPortal = F002F363E9D34AFEA7B24C17 /* Project object */;
			proxyType = 1;
			remoteGlobalIDString = BB7838BC0DF94E1BAC35B3FD;
			remoteInfo = ZERO_CHECK;
		};
/* End PBXContainerItemProxy section */

/* Begin PBXFileReference section */
		05E82D843FFE4A9494D202EA /* /Users/Yang/Material/Research/dart/apps/rigidBodies/MyWorld.cpp */ = {isa = PBXFileReference; explicitFileType = sourcecode.cpp.cpp; fileEncoding = 4; name = MyWorld.cpp; path = MyWorld.cpp; sourceTree = SOURCE_ROOT; };
		0F1AADD2E8294DAFA41272CA /* /Users/Yang/Material/Research/dart/apps/rigidBodies/MyWindow.h */ = {isa = PBXFileReference; explicitFileType = sourcecode.c.h; fileEncoding = 4; name = MyWindow.h; path = MyWindow.h; sourceTree = SOURCE_ROOT; };
		3386E1FFB342495B8F4C114D /* /Users/Yang/Material/Research/dart/apps/rigidBodies/MyWindow.cpp */ = {isa = PBXFileReference; explicitFileType = sourcecode.cpp.cpp; fileEncoding = 4; name = MyWindow.cpp; path = MyWindow.cpp; sourceTree = SOURCE_ROOT; };
		6BADA29A6FCF4FA192137EAF /* /Users/Yang/Material/Research/dart/apps/rigidBodies/CMakeLists.txt */ = {isa = PBXFileReference; explicitFileType = sourcecode.text; fileEncoding = 4; name = CMakeLists.txt; path = CMakeLists.txt; sourceTree = SOURCE_ROOT; };
		6CE91D7E608841AF9B1B7B68 /* /Users/Yang/Material/Research/dart/apps/rigidBodies/CMakeLists.txt */ = {isa = PBXFileReference; explicitFileType = sourcecode.text; fileEncoding = 4; name = CMakeLists.txt; path = CMakeLists.txt; sourceTree = SOURCE_ROOT; };
		71EDBF188A464F52A954C3FE /* /Users/Yang/Material/Research/dart/apps/rigidBodies/CollisionInterface.h */ = {isa = PBXFileReference; explicitFileType = sourcecode.c.h; fileEncoding = 4; name = CollisionInterface.h; path = CollisionInterface.h; sourceTree = SOURCE_ROOT; };
		7BF40E268C1244C09284F495 /* /Users/Yang/Material/Research/dart/apps/rigidBodies/CollisionInterface.cpp */ = {isa = PBXFileReference; explicitFileType = sourcecode.cpp.cpp; fileEncoding = 4; name = CollisionInterface.cpp; path = CollisionInterface.cpp; sourceTree = SOURCE_ROOT; };
		9C61C19B5C0C47A59DA592FC /* /Users/Yang/Material/Research/dart/apps/rigidBodies/Main.cpp */ = {isa = PBXFileReference; explicitFileType = sourcecode.cpp.cpp; fileEncoding = 4; name = Main.cpp; path = Main.cpp; sourceTree = SOURCE_ROOT; };
		D9B72A30E48C484FA818E253 /* /Users/Yang/Material/Research/dart/apps/rigidBodies/RigidBody.h */ = {isa = PBXFileReference; explicitFileType = sourcecode.c.h; fileEncoding = 4; name = RigidBody.h; path = RigidBody.h; sourceTree = SOURCE_ROOT; };
		DB621CCE13FC4E76BAEA8E70 /* /Users/Yang/Material/Research/dart/apps/rigidBodies/RigidBody.cpp */ = {isa = PBXFileReference; explicitFileType = sourcecode.cpp.cpp; fileEncoding = 4; name = RigidBody.cpp; path = RigidBody.cpp; sourceTree = SOURCE_ROOT; };
		DD7C22326E6340858C50D48C /* /Users/Yang/Material/Research/dart/apps/rigidBodies/MyWorld.h */ = {isa = PBXFileReference; explicitFileType = sourcecode.c.h; fileEncoding = 4; name = MyWorld.h; path = MyWorld.h; sourceTree = SOURCE_ROOT; };
		F3296A62E8E44FEDA68DD35F /* /Users/Yang/Material/Research/dart/apps/rigidBodies/CMakeLists.txt */ = {isa = PBXFileReference; explicitFileType = sourcecode.text; fileEncoding = 4; name = CMakeLists.txt; path = CMakeLists.txt; sourceTree = SOURCE_ROOT; };
		FE50015629F84AD5818F4F63 /* rigidBodies */ = {isa = PBXFileReference; explicitFileType = "compiled.mach-o.executable"; path = rigidBodies; refType = 0; sourceTree = BUILT_PRODUCTS_DIR; };
/* End PBXFileReference section */

/* Begin PBXGroup section */
		08C05F947AC441B18E0DF7AE /* CMake Rules */ = {
			isa = PBXGroup;
			children = (
			);
			name = "CMake Rules";
			sourceTree = "<group>";
		};
		10787CBC07D14B08B7D8DC57 /* Header Files */ = {
			isa = PBXGroup;
			children = (
				71EDBF188A464F52A954C3FE /* /Users/Yang/Material/Research/dart/apps/rigidBodies/CollisionInterface.h */,
				0F1AADD2E8294DAFA41272CA /* /Users/Yang/Material/Research/dart/apps/rigidBodies/MyWindow.h */,
				DD7C22326E6340858C50D48C /* /Users/Yang/Material/Research/dart/apps/rigidBodies/MyWorld.h */,
				D9B72A30E48C484FA818E253 /* /Users/Yang/Material/Research/dart/apps/rigidBodies/RigidBody.h */,
			);
			name = "Header Files";
			sourceTree = "<group>";
		};
		34EA2E1FA95D4BA689359B1C /* rigidBodies */ = {
			isa = PBXGroup;
			children = (
				E682310D4F61453C8E4789EB /* Source Files */,
				10787CBC07D14B08B7D8DC57 /* Header Files */,
				6BADA29A6FCF4FA192137EAF /* /Users/Yang/Material/Research/dart/apps/rigidBodies/CMakeLists.txt */,
			);
			name = rigidBodies;
			sourceTree = "<group>";
		};
		372F9C14CA544E05AFF365A6 /* CMake Rules */ = {
			isa = PBXGroup;
			children = (
			);
			name = "CMake Rules";
			sourceTree = "<group>";
		};
		3B4ADA02B43B46498B777747 /* Sources */ = {
			isa = PBXGroup;
			children = (
				D4864BEE16AD48479C544225 /* ZERO_CHECK */,
				F5DC8ECDAF2A4851A9D028C7 /* ALL_BUILD */,
				34EA2E1FA95D4BA689359B1C /* rigidBodies */,
			);
			name = Sources;
			sourceTree = "<group>";
		};
		8BAA4A213CB7438ABAC0BC51 /* Resources */ = {
			isa = PBXGroup;
			children = (
			);
			name = Resources;
			sourceTree = "<group>";
		};
		D4864BEE16AD48479C544225 /* ZERO_CHECK */ = {
			isa = PBXGroup;
			children = (
				372F9C14CA544E05AFF365A6 /* CMake Rules */,
				6CE91D7E608841AF9B1B7B68 /* /Users/Yang/Material/Research/dart/apps/rigidBodies/CMakeLists.txt */,
			);
			name = ZERO_CHECK;
			sourceTree = "<group>";
		};
		E682310D4F61453C8E4789EB /* Source Files */ = {
			isa = PBXGroup;
			children = (
				7BF40E268C1244C09284F495 /* /Users/Yang/Material/Research/dart/apps/rigidBodies/CollisionInterface.cpp */,
				9C61C19B5C0C47A59DA592FC /* /Users/Yang/Material/Research/dart/apps/rigidBodies/Main.cpp */,
				3386E1FFB342495B8F4C114D /* /Users/Yang/Material/Research/dart/apps/rigidBodies/MyWindow.cpp */,
				05E82D843FFE4A9494D202EA /* /Users/Yang/Material/Research/dart/apps/rigidBodies/MyWorld.cpp */,
				DB621CCE13FC4E76BAEA8E70 /* /Users/Yang/Material/Research/dart/apps/rigidBodies/RigidBody.cpp */,
			);
			name = "Source Files";
			sourceTree = "<group>";
		};
		E8C476369E6B4C77A4D0112F /* Products */ = {
			isa = PBXGroup;
			children = (
				FE50015629F84AD5818F4F63 /* rigidBodies */,
			);
			name = Products;
			sourceTree = "<group>";
		};
		F0ED2538A71E48E489BC7ECD = {
			isa = PBXGroup;
			children = (
				3B4ADA02B43B46498B777747 /* Sources */,
				8BAA4A213CB7438ABAC0BC51 /* Resources */,
				E8C476369E6B4C77A4D0112F /* Products */,
			);
			sourceTree = "<group>";
		};
		F5DC8ECDAF2A4851A9D028C7 /* ALL_BUILD */ = {
			isa = PBXGroup;
			children = (
				08C05F947AC441B18E0DF7AE /* CMake Rules */,
				F3296A62E8E44FEDA68DD35F /* /Users/Yang/Material/Research/dart/apps/rigidBodies/CMakeLists.txt */,
			);
			name = ALL_BUILD;
			sourceTree = "<group>";
		};
/* End PBXGroup section */

/* Begin PBXNativeTarget section */
		0980E81A01C741E6AC50AE52 /* rigidBodies */ = {
			isa = PBXNativeTarget;
			buildConfigurationList = 1C9C89FDA34E4EBFA1DE20C1 /* Build configuration list for PBXNativeTarget "rigidBodies" */;
			buildPhases = (
				41D8AD4FC4C74E4EA25194E0 /* Sources */,
			);
			buildRules = (
			);
			dependencies = (
				E24A3F55776747B680D970B1 /* PBXTargetDependency */,
			);
			name = rigidBodies;
			productName = rigidBodies;
			productReference = FE50015629F84AD5818F4F63 /* rigidBodies */;
			productType = "com.apple.product-type.tool";
		};
/* End PBXNativeTarget section */

/* Begin PBXProject section */
		F002F363E9D34AFEA7B24C17 /* Project object */ = {
			isa = PBXProject;
			attributes = {
				BuildIndependentTargetsInParallel = YES;
			};
			buildConfigurationList = A90D1B9E9FB54CB79C8132B9 /* Build configuration list for PBXProject "rigidBodies" */;
			buildSettings = {
			};
			buildStyles = (
				6C08B950C09B49F49F56480C /* Debug */,
				C148C90438244694B4682384 /* Release */,
				16E8BADD5EE34E2892750D8A /* MinSizeRel */,
				4AB83776C488491883773C4C /* RelWithDebInfo */,
			);
			compatibilityVersion = "Xcode 3.2";
			hasScannedForEncodings = 0;
			mainGroup = F0ED2538A71E48E489BC7ECD;
			projectDirPath = ../../../apps/rigidBodies;
			projectRoot = "";
			targets = (
				8F2C63E3C500428B89BB38FC /* ALL_BUILD */,
				A90B68F2B0D34442BD2BE7E2 /* RUN_TESTS */,
				BB7838BC0DF94E1BAC35B3FD /* ZERO_CHECK */,
				1DCE365E9BA7408BAC9B82BD /* install */,
				0980E81A01C741E6AC50AE52 /* rigidBodies */,
			);
		};
/* End PBXProject section */

/* Begin PBXShellScriptBuildPhase section */
		06BDE69CA46847C6A5F3F630 /* CMake Rules */ = {
			isa = PBXShellScriptBuildPhase;
			buildActionMask = 2147483647;
			files = (
			);
			name = "CMake Rules";
			runOnlyForDeploymentPostprocessing = 0;
			shellPath = /bin/sh;
			shellScript = "make -C /Users/Yang/Material/Research/dart/Xcode/apps/rigidBodies -f /Users/Yang/Material/Research/dart/Xcode/apps/rigidBodies/CMakeScripts/ALL_BUILD_cmakeRulesBuildPhase.make$CONFIGURATION all";
			showEnvVarsInLog = 0;
		};
		090EE240D953465CA8847CEC /* CMake PostBuild Rules */ = {
			isa = PBXShellScriptBuildPhase;
			buildActionMask = 2147483647;
			files = (
			);
			name = "CMake PostBuild Rules";
			runOnlyForDeploymentPostprocessing = 0;
			shellPath = /bin/sh;
			shellScript = "make -C /Users/Yang/Material/Research/dart/Xcode/apps/rigidBodies -f /Users/Yang/Material/Research/dart/Xcode/apps/rigidBodies/CMakeScripts/RUN_TESTS_postBuildPhase.make$CONFIGURATION all";
			showEnvVarsInLog = 0;
		};
		0D81E8EB31324E79A847A56B /* CMake Rules */ = {
			isa = PBXShellScriptBuildPhase;
			buildActionMask = 2147483647;
			files = (
			);
			name = "CMake Rules";
			runOnlyForDeploymentPostprocessing = 0;
			shellPath = /bin/sh;
			shellScript = "make -C /Users/Yang/Material/Research/dart/Xcode/apps/rigidBodies -f /Users/Yang/Material/Research/dart/Xcode/apps/rigidBodies/CMakeScripts/ZERO_CHECK_cmakeRulesBuildPhase.make$CONFIGURATION all";
			showEnvVarsInLog = 0;
		};
		3103ECA728E74FF4AF6FF46C /* CMake PostBuild Rules */ = {
			isa = PBXShellScriptBuildPhase;
			buildActionMask = 2147483647;
			files = (
			);
			name = "CMake PostBuild Rules";
			runOnlyForDeploymentPostprocessing = 0;
			shellPath = /bin/sh;
			shellScript = "make -C /Users/Yang/Material/Research/dart/Xcode/apps/rigidBodies -f /Users/Yang/Material/Research/dart/Xcode/apps/rigidBodies/CMakeScripts/install_postBuildPhase.make$CONFIGURATION all";
			showEnvVarsInLog = 0;
		};
		381CA743CE6A4146B333BA6E = {
			isa = PBXShellScriptBuildPhase;
			buildActionMask = 2147483647;
			files = (
			);
			inputPaths = (
			);
			outputPaths = (
			);
			runOnlyForDeploymentPostprocessing = 0;
			shellPath = /bin/sh;
			shellScript = "# shell script goes here
exit 0";
			showEnvVarsInLog = 0;
		};
		49CF1DAEC4EE442789144B43 = {
			isa = PBXShellScriptBuildPhase;
			buildActionMask = 2147483647;
			files = (
			);
			inputPaths = (
			);
			outputPaths = (
			);
			runOnlyForDeploymentPostprocessing = 0;
			shellPath = /bin/sh;
			shellScript = "# shell script goes here
exit 0";
			showEnvVarsInLog = 0;
		};
		5E287A49F1FB42809614425D = {
			isa = PBXShellScriptBuildPhase;
			buildActionMask = 2147483647;
			files = (
			);
			inputPaths = (
			);
			outputPaths = (
			);
			runOnlyForDeploymentPostprocessing = 0;
			shellPath = /bin/sh;
			shellScript = "# shell script goes here
exit 0";
			showEnvVarsInLog = 0;
		};
		ADC7D0424A3041BCAE127C8B = {
			isa = PBXShellScriptBuildPhase;
			buildActionMask = 2147483647;
			files = (
			);
			inputPaths = (
			);
			outputPaths = (
			);
			runOnlyForDeploymentPostprocessing = 0;
			shellPath = /bin/sh;
			shellScript = "# shell script goes here
exit 0";
			showEnvVarsInLog = 0;
		};
/* End PBXShellScriptBuildPhase section */

/* Begin PBXSourcesBuildPhase section */
		41D8AD4FC4C74E4EA25194E0 /* Sources */ = {
			isa = PBXSourcesBuildPhase;
			buildActionMask = 2147483647;
			files = (
				5C86D13C1D864B329907BD4F /* /Users/Yang/Material/Research/dart/apps/rigidBodies/CollisionInterface.cpp */,
				D1EA560DF56A4B4BB8C8FC5E /* /Users/Yang/Material/Research/dart/apps/rigidBodies/Main.cpp */,
				7C12E3F7BAFB419BA4D4AAC0 /* /Users/Yang/Material/Research/dart/apps/rigidBodies/MyWindow.cpp */,
				7321CD5DD4264A87BEE86814 /* /Users/Yang/Material/Research/dart/apps/rigidBodies/MyWorld.cpp */,
				A5C21BD326764F0BB491E85D /* /Users/Yang/Material/Research/dart/apps/rigidBodies/RigidBody.cpp */,
			);
			runOnlyForDeploymentPostprocessing = 0;
		};
/* End PBXSourcesBuildPhase section */

/* Begin PBXTargetDependency section */
		57E0DE43550F49BC9EBF1705 /* PBXTargetDependency */ = {
			isa = PBXTargetDependency;
			target = 8F2C63E3C500428B89BB38FC /* ALL_BUILD */;
			targetProxy = 462A37E7C0AC4FBCBA019C86 /* PBXContainerItemProxy */;
		};
		64E6A9295DED474AB7A9C2B0 /* PBXTargetDependency */ = {
			isa = PBXTargetDependency;
			target = BB7838BC0DF94E1BAC35B3FD /* ZERO_CHECK */;
			targetProxy = D47BF494155945C6A52F48C4 /* PBXContainerItemProxy */;
		};
		E24A3F55776747B680D970B1 /* PBXTargetDependency */ = {
			isa = PBXTargetDependency;
			target = BB7838BC0DF94E1BAC35B3FD /* ZERO_CHECK */;
			targetProxy = FC721E3DB04D41598F4173AC /* PBXContainerItemProxy */;
		};
		FFD7F2797A9343529A50A872 /* PBXTargetDependency */ = {
			isa = PBXTargetDependency;
			target = 0980E81A01C741E6AC50AE52 /* rigidBodies */;
			targetProxy = 6023D3CF4F884FEDB2FF2FD2 /* PBXContainerItemProxy */;
		};
/* End PBXTargetDependency section */

/* Begin XCBuildConfiguration section */
		07D2FC4687D34BC59D77C717 /* MinSizeRel */ = {
			isa = XCBuildConfiguration;
			buildSettings = {
				COMBINE_HIDPI_IMAGES = YES;
				CONFIGURATION_BUILD_DIR = /Users/Yang/Material/Research/dart/Xcode/bin/MinSizeRel;
				EXECUTABLE_PREFIX = "";
				EXECUTABLE_SUFFIX = "";
				FRAMEWORK_SEARCH_PATHS = (/Applications/Xcode.app/Contents/Developer/Platforms/MacOSX.platform/Developer/SDKs/MacOSX10.12.sdk/System/Library/Frameworks, );
				GCC_GENERATE_DEBUGGING_SYMBOLS = NO;
				GCC_INLINES_ARE_PRIVATE_EXTERN = NO;
				GCC_OPTIMIZATION_LEVEL = s;
				GCC_PREPROCESSOR_DEFINITIONS = ("'CMAKE_INTDIR=\"$(CONFIGURATION)$(EFFECTIVE_PLATFORM_NAME)\"'", BOOST_TEST_DYN_LINK, HAVE_BULLET_COLLISION, );
				GCC_SYMBOLS_PRIVATE_EXTERN = NO;
				HEADER_SEARCH_PATHS = (/Users/Yang/Material/Research/dart, /usr/local/include/eigen3, /usr/local/Cellar/libccd/2.0/include, /usr/local/Cellar/fcl/0.3.2/include, /usr/local/include, /Applications/Xcode.app/Contents/Developer/Platforms/MacOSX.platform/Developer/SDKs/MacOSX10.12.sdk/System/Library/Frameworks/GLUT.framework/Headers, /usr/local/Cellar/bullet/2.83.6/include/bullet, /usr/local/Cellar/bullet/2.83.6/include, /usr/local/Cellar/flann/1.8.4_1/include, /usr/local/Cellar/urdfdom/0.2.10/include, /usr/local/Cellar/urdfdom_headers/0.2.3/include, /usr/local/Cellar/console_bridge/0.2.5/include, /usr/local/opt/tinyxml/include, /usr/local/Cellar/tinyxml2/3.0.0/include, /usr/local/Cellar/nlopt/2.4.2/include, /usr/local/Cellar/ipopt/3.12.4/include/coin, /Users/Yang/Material/Research/dart/Xcode, /Users/Yang/Material/Research/dart/apps/rigidBodies/../../src/dynamics, );
				INSTALL_PATH = "";
				LD_RUNPATH_SEARCH_PATHS = "/Users/Yang/Material/Research/dart/Xcode/lib /usr/local/lib /usr/local/Cellar/bullet/2.83.6/lib /Users/Yang/Material/Research/dart/Xcode/lib/MinSizeRel";
				LIBRARY_SEARCH_PATHS = " /Users/Yang/Material/Research/dart/Xcode/lib/$(CONFIGURATION)$(EFFECTIVE_PLATFORM_NAME) /Users/Yang/Material/Research/dart/Xcode/lib /usr/local/lib/$(CONFIGURATION)$(EFFECTIVE_PLATFORM_NAME) /usr/local/lib /usr/local/Cellar/bullet/2.83.6/lib/$(CONFIGURATION)$(EFFECTIVE_PLATFORM_NAME) /usr/local/Cellar/bullet/2.83.6/lib";
				OTHER_CPLUSPLUSFLAGS = "-msse2 -fPIC -std=c++11 -stdlib=libc++     -DNDEBUG   -I/usr/local/Cellar/bullet/2.83.6/include/bullet -I/usr/local/Cellar/bullet/2.83.6/include";
				OTHER_LDFLAGS = " -Wl,-search_paths_first -Wl,-headerpad_max_install_names  /Users/Yang/Material/Research/dart/Xcode/lib/MinSizeRel/libdart.5.1.2.dylib /Users/Yang/Material/Research/dart/Xcode/lib/MinSizeRel/libdart-core.5.1.2.dylib /usr/local/Cellar/libccd/2.0/lib/libccd.dylib /usr/local/Cellar/fcl/0.3.2/lib/libfcl.dylib /usr/local/Cellar/assimp/3.1.1/lib/libassimp.dylib /usr/local/lib/libboost_regex-mt.dylib /usr/local/lib/libboost_system-mt.dylib -framework AGL -framework OpenGL -framework GLUT -framework Cocoa -lBulletSoftBody -lBulletDynamics -lBulletCollision -lLinearMath /usr/local/Cellar/urdfdom/0.2.10/lib/liburdfdom_sensor.dylib /usr/local/Cellar/urdfdom/0.2.10/lib/liburdfdom_model_state.dylib /usr/local/Cellar/urdfdom/0.2.10/lib/liburdfdom_model.dylib /usr/local/Cellar/urdfdom/0.2.10/lib/liburdfdom_world.dylib /usr/local/lib/libconsole_bridge.dylib /usr/local/opt/tinyxml/lib/libtinyxml.dylib /usr/local/Cellar/tinyxml2/3.0.0/lib/libtinyxml2.dylib";
				OTHER_REZFLAGS = "";
				PRODUCT_NAME = rigidBodies;
				SECTORDER_FLAGS = "";
				SYMROOT = /Users/Yang/Material/Research/dart/Xcode/apps/rigidBodies;
				USE_HEADERMAP = NO;
				WARNING_CFLAGS = ("-Wmost", "-Wno-four-char-constants", "-Wno-unknown-pragmas", "$(inherited)", );
			};
			name = MinSizeRel;
		};
		1366D62E2F0D422399D6567B /* Release */ = {
			isa = XCBuildConfiguration;
			buildSettings = {
				COMBINE_HIDPI_IMAGES = YES;
				FRAMEWORK_SEARCH_PATHS = (/Applications/Xcode.app/Contents/Developer/Platforms/MacOSX.platform/Developer/SDKs/MacOSX10.12.sdk/System/Library/Frameworks, );
				GCC_GENERATE_DEBUGGING_SYMBOLS = YES;
				GCC_INLINES_ARE_PRIVATE_EXTERN = NO;
				GCC_OPTIMIZATION_LEVEL = 0;
				GCC_PREPROCESSOR_DEFINITIONS = ("'CMAKE_INTDIR=\"$(CONFIGURATION)$(EFFECTIVE_PLATFORM_NAME)\"'", );
				GCC_SYMBOLS_PRIVATE_EXTERN = NO;
				HEADER_SEARCH_PATHS = (/Users/Yang/Material/Research/dart, /usr/local/include/eigen3, /usr/local/Cellar/libccd/2.0/include, /usr/local/Cellar/fcl/0.3.2/include, /usr/local/include, /Applications/Xcode.app/Contents/Developer/Platforms/MacOSX.platform/Developer/SDKs/MacOSX10.12.sdk/System/Library/Frameworks/GLUT.framework/Headers, /usr/local/Cellar/bullet/2.83.6/include/bullet, /usr/local/Cellar/bullet/2.83.6/include, /usr/local/Cellar/flann/1.8.4_1/include, /usr/local/Cellar/urdfdom/0.2.10/include, /usr/local/Cellar/urdfdom_headers/0.2.3/include, /usr/local/Cellar/console_bridge/0.2.5/include, /usr/local/opt/tinyxml/include, /usr/local/Cellar/tinyxml2/3.0.0/include, /usr/local/Cellar/nlopt/2.4.2/include, /usr/local/Cellar/ipopt/3.12.4/include/coin, /Users/Yang/Material/Research/dart/Xcode, /Users/Yang/Material/Research/dart/apps/rigidBodies/../../src/dynamics, );
				INSTALL_PATH = "";
				OTHER_LDFLAGS = " ";
				OTHER_REZFLAGS = "";
				PRODUCT_NAME = install;
				SECTORDER_FLAGS = "";
				SYMROOT = /Users/Yang/Material/Research/dart/Xcode/apps/rigidBodies;
				USE_HEADERMAP = NO;
				WARNING_CFLAGS = ("-Wmost", "-Wno-four-char-constants", "-Wno-unknown-pragmas", "$(inherited)", );
			};
			name = Release;
		};
		1E8B91466EDC4E3A80B4065D /* RelWithDebInfo */ = {
			isa = XCBuildConfiguration;
			buildSettings = {
				COMBINE_HIDPI_IMAGES = YES;
				FRAMEWORK_SEARCH_PATHS = (/Applications/Xcode.app/Contents/Developer/Platforms/MacOSX.platform/Developer/SDKs/MacOSX10.12.sdk/System/Library/Frameworks, );
				GCC_GENERATE_DEBUGGING_SYMBOLS = YES;
				GCC_INLINES_ARE_PRIVATE_EXTERN = NO;
				GCC_OPTIMIZATION_LEVEL = 0;
				GCC_PREPROCESSOR_DEFINITIONS = ("'CMAKE_INTDIR=\"$(CONFIGURATION)$(EFFECTIVE_PLATFORM_NAME)\"'", );
				GCC_SYMBOLS_PRIVATE_EXTERN = NO;
				HEADER_SEARCH_PATHS = (/Users/Yang/Material/Research/dart, /usr/local/include/eigen3, /usr/local/Cellar/libccd/2.0/include, /usr/local/Cellar/fcl/0.3.2/include, /usr/local/include, /Applications/Xcode.app/Contents/Developer/Platforms/MacOSX.platform/Developer/SDKs/MacOSX10.12.sdk/System/Library/Frameworks/GLUT.framework/Headers, /usr/local/Cellar/bullet/2.83.6/include/bullet, /usr/local/Cellar/bullet/2.83.6/include, /usr/local/Cellar/flann/1.8.4_1/include, /usr/local/Cellar/urdfdom/0.2.10/include, /usr/local/Cellar/urdfdom_headers/0.2.3/include, /usr/local/Cellar/console_bridge/0.2.5/include, /usr/local/opt/tinyxml/include, /usr/local/Cellar/tinyxml2/3.0.0/include, /usr/local/Cellar/nlopt/2.4.2/include, /usr/local/Cellar/ipopt/3.12.4/include/coin, /Users/Yang/Material/Research/dart/Xcode, /Users/Yang/Material/Research/dart/apps/rigidBodies/../../src/dynamics, );
				INSTALL_PATH = "";
				OTHER_LDFLAGS = " ";
				OTHER_REZFLAGS = "";
				PRODUCT_NAME = ALL_BUILD;
				SECTORDER_FLAGS = "";
				SYMROOT = /Users/Yang/Material/Research/dart/Xcode/apps/rigidBodies;
				USE_HEADERMAP = NO;
				WARNING_CFLAGS = ("-Wmost", "-Wno-four-char-constants", "-Wno-unknown-pragmas", "$(inherited)", );
			};
			name = RelWithDebInfo;
		};
		3A4F9E939B3C4FDEB85DFD1B /* MinSizeRel */ = {
			isa = XCBuildConfiguration;
			buildSettings = {
				COMBINE_HIDPI_IMAGES = YES;
				FRAMEWORK_SEARCH_PATHS = (/Applications/Xcode.app/Contents/Developer/Platforms/MacOSX.platform/Developer/SDKs/MacOSX10.12.sdk/System/Library/Frameworks, );
				GCC_GENERATE_DEBUGGING_SYMBOLS = YES;
				GCC_INLINES_ARE_PRIVATE_EXTERN = NO;
				GCC_OPTIMIZATION_LEVEL = 0;
				GCC_PREPROCESSOR_DEFINITIONS = ("'CMAKE_INTDIR=\"$(CONFIGURATION)$(EFFECTIVE_PLATFORM_NAME)\"'", );
				GCC_SYMBOLS_PRIVATE_EXTERN = NO;
				HEADER_SEARCH_PATHS = (/Users/Yang/Material/Research/dart, /usr/local/include/eigen3, /usr/local/Cellar/libccd/2.0/include, /usr/local/Cellar/fcl/0.3.2/include, /usr/local/include, /Applications/Xcode.app/Contents/Developer/Platforms/MacOSX.platform/Developer/SDKs/MacOSX10.12.sdk/System/Library/Frameworks/GLUT.framework/Headers, /usr/local/Cellar/bullet/2.83.6/include/bullet, /usr/local/Cellar/bullet/2.83.6/include, /usr/local/Cellar/flann/1.8.4_1/include, /usr/local/Cellar/urdfdom/0.2.10/include, /usr/local/Cellar/urdfdom_headers/0.2.3/include, /usr/local/Cellar/console_bridge/0.2.5/include, /usr/local/opt/tinyxml/include, /usr/local/Cellar/tinyxml2/3.0.0/include, /usr/local/Cellar/nlopt/2.4.2/include, /usr/local/Cellar/ipopt/3.12.4/include/coin, /Users/Yang/Material/Research/dart/Xcode, /Users/Yang/Material/Research/dart/apps/rigidBodies/../../src/dynamics, );
				INSTALL_PATH = "";
				OTHER_LDFLAGS = " ";
				OTHER_REZFLAGS = "";
				PRODUCT_NAME = RUN_TESTS;
				SECTORDER_FLAGS = "";
				SYMROOT = /Users/Yang/Material/Research/dart/Xcode/apps/rigidBodies;
				USE_HEADERMAP = NO;
				WARNING_CFLAGS = ("-Wmost", "-Wno-four-char-constants", "-Wno-unknown-pragmas", "$(inherited)", );
			};
			name = MinSizeRel;
		};
		430CCB5E22AB4D399426A53B /* Debug */ = {
			isa = XCBuildConfiguration;
			buildSettings = {
				COMBINE_HIDPI_IMAGES = YES;
				FRAMEWORK_SEARCH_PATHS = (/Applications/Xcode.app/Contents/Developer/Platforms/MacOSX.platform/Developer/SDKs/MacOSX10.12.sdk/System/Library/Frameworks, );
				GCC_GENERATE_DEBUGGING_SYMBOLS = YES;
				GCC_INLINES_ARE_PRIVATE_EXTERN = NO;
				GCC_OPTIMIZATION_LEVEL = 0;
				GCC_PREPROCESSOR_DEFINITIONS = ("'CMAKE_INTDIR=\"$(CONFIGURATION)$(EFFECTIVE_PLATFORM_NAME)\"'", );
				GCC_SYMBOLS_PRIVATE_EXTERN = NO;
				HEADER_SEARCH_PATHS = (/Users/Yang/Material/Research/dart, /usr/local/include/eigen3, /usr/local/Cellar/libccd/2.0/include, /usr/local/Cellar/fcl/0.3.2/include, /usr/local/include, /Applications/Xcode.app/Contents/Developer/Platforms/MacOSX.platform/Developer/SDKs/MacOSX10.12.sdk/System/Library/Frameworks/GLUT.framework/Headers, /usr/local/Cellar/bullet/2.83.6/include/bullet, /usr/local/Cellar/bullet/2.83.6/include, /usr/local/Cellar/flann/1.8.4_1/include, /usr/local/Cellar/urdfdom/0.2.10/include, /usr/local/Cellar/urdfdom_headers/0.2.3/include, /usr/local/Cellar/console_bridge/0.2.5/include, /usr/local/opt/tinyxml/include, /usr/local/Cellar/tinyxml2/3.0.0/include, /usr/local/Cellar/nlopt/2.4.2/include, /usr/local/Cellar/ipopt/3.12.4/include/coin, /Users/Yang/Material/Research/dart/Xcode, /Users/Yang/Material/Research/dart/apps/rigidBodies/../../src/dynamics, );
				INSTALL_PATH = "";
				OTHER_LDFLAGS = " ";
				OTHER_REZFLAGS = "";
				PRODUCT_NAME = install;
				SECTORDER_FLAGS = "";
				SYMROOT = /Users/Yang/Material/Research/dart/Xcode/apps/rigidBodies;
				USE_HEADERMAP = NO;
				WARNING_CFLAGS = ("-Wmost", "-Wno-four-char-constants", "-Wno-unknown-pragmas", "$(inherited)", );
			};
			name = Debug;
		};
		48BA9B73388B427F96DD65B1 /* Debug */ = {
			isa = XCBuildConfiguration;
			buildSettings = {
				COMBINE_HIDPI_IMAGES = YES;
				FRAMEWORK_SEARCH_PATHS = (/Applications/Xcode.app/Contents/Developer/Platforms/MacOSX.platform/Developer/SDKs/MacOSX10.12.sdk/System/Library/Frameworks, );
				GCC_GENERATE_DEBUGGING_SYMBOLS = YES;
				GCC_INLINES_ARE_PRIVATE_EXTERN = NO;
				GCC_OPTIMIZATION_LEVEL = 0;
				GCC_PREPROCESSOR_DEFINITIONS = ("'CMAKE_INTDIR=\"$(CONFIGURATION)$(EFFECTIVE_PLATFORM_NAME)\"'", );
				GCC_SYMBOLS_PRIVATE_EXTERN = NO;
				HEADER_SEARCH_PATHS = (/Users/Yang/Material/Research/dart, /usr/local/include/eigen3, /usr/local/Cellar/libccd/2.0/include, /usr/local/Cellar/fcl/0.3.2/include, /usr/local/include, /Applications/Xcode.app/Contents/Developer/Platforms/MacOSX.platform/Developer/SDKs/MacOSX10.12.sdk/System/Library/Frameworks/GLUT.framework/Headers, /usr/local/Cellar/bullet/2.83.6/include/bullet, /usr/local/Cellar/bullet/2.83.6/include, /usr/local/Cellar/flann/1.8.4_1/include, /usr/local/Cellar/urdfdom/0.2.10/include, /usr/local/Cellar/urdfdom_headers/0.2.3/include, /usr/local/Cellar/console_bridge/0.2.5/include, /usr/local/opt/tinyxml/include, /usr/local/Cellar/tinyxml2/3.0.0/include, /usr/local/Cellar/nlopt/2.4.2/include, /usr/local/Cellar/ipopt/3.12.4/include/coin, /Users/Yang/Material/Research/dart/Xcode, /Users/Yang/Material/Research/dart/apps/rigidBodies/../../src/dynamics, );
				INSTALL_PATH = "";
				OTHER_LDFLAGS = " ";
				OTHER_REZFLAGS = "";
				PRODUCT_NAME = ALL_BUILD;
				SECTORDER_FLAGS = "";
				SYMROOT = /Users/Yang/Material/Research/dart/Xcode/apps/rigidBodies;
				USE_HEADERMAP = NO;
				WARNING_CFLAGS = ("-Wmost", "-Wno-four-char-constants", "-Wno-unknown-pragmas", "$(inherited)", );
			};
			name = Debug;
		};
		50D49CA211A94AC1A05118D5 /* Release */ = {
			isa = XCBuildConfiguration;
			buildSettings = {
				COMBINE_HIDPI_IMAGES = YES;
				CONFIGURATION_BUILD_DIR = /Users/Yang/Material/Research/dart/Xcode/bin/Release;
				EXECUTABLE_PREFIX = "";
				EXECUTABLE_SUFFIX = "";
				FRAMEWORK_SEARCH_PATHS = (/Applications/Xcode.app/Contents/Developer/Platforms/MacOSX.platform/Developer/SDKs/MacOSX10.12.sdk/System/Library/Frameworks, );
				GCC_GENERATE_DEBUGGING_SYMBOLS = NO;
				GCC_INLINES_ARE_PRIVATE_EXTERN = NO;
				GCC_OPTIMIZATION_LEVEL = 3;
				GCC_PREPROCESSOR_DEFINITIONS = ("'CMAKE_INTDIR=\"$(CONFIGURATION)$(EFFECTIVE_PLATFORM_NAME)\"'", BOOST_TEST_DYN_LINK, HAVE_BULLET_COLLISION, );
				GCC_SYMBOLS_PRIVATE_EXTERN = NO;
				HEADER_SEARCH_PATHS = (/Users/Yang/Material/Research/dart, /usr/local/include/eigen3, /usr/local/Cellar/libccd/2.0/include, /usr/local/Cellar/fcl/0.3.2/include, /usr/local/include, /Applications/Xcode.app/Contents/Developer/Platforms/MacOSX.platform/Developer/SDKs/MacOSX10.12.sdk/System/Library/Frameworks/GLUT.framework/Headers, /usr/local/Cellar/bullet/2.83.6/include/bullet, /usr/local/Cellar/bullet/2.83.6/include, /usr/local/Cellar/flann/1.8.4_1/include, /usr/local/Cellar/urdfdom/0.2.10/include, /usr/local/Cellar/urdfdom_headers/0.2.3/include, /usr/local/Cellar/console_bridge/0.2.5/include, /usr/local/opt/tinyxml/include, /usr/local/Cellar/tinyxml2/3.0.0/include, /usr/local/Cellar/nlopt/2.4.2/include, /usr/local/Cellar/ipopt/3.12.4/include/coin, /Users/Yang/Material/Research/dart/Xcode, /Users/Yang/Material/Research/dart/apps/rigidBodies/../../src/dynamics, );
				INSTALL_PATH = "";
				LD_RUNPATH_SEARCH_PATHS = "/Users/Yang/Material/Research/dart/Xcode/lib /usr/local/lib /usr/local/Cellar/bullet/2.83.6/lib /Users/Yang/Material/Research/dart/Xcode/lib/Release";
				LIBRARY_SEARCH_PATHS = " /Users/Yang/Material/Research/dart/Xcode/lib/$(CONFIGURATION)$(EFFECTIVE_PLATFORM_NAME) /Users/Yang/Material/Research/dart/Xcode/lib /usr/local/lib/$(CONFIGURATION)$(EFFECTIVE_PLATFORM_NAME) /usr/local/lib /usr/local/Cellar/bullet/2.83.6/lib/$(CONFIGURATION)$(EFFECTIVE_PLATFORM_NAME) /usr/local/Cellar/bullet/2.83.6/lib";
				OTHER_CPLUSPLUSFLAGS = "-msse2 -fPIC -std=c++11 -stdlib=libc++     -DNDEBUG   -I/usr/local/Cellar/bullet/2.83.6/include/bullet -I/usr/local/Cellar/bullet/2.83.6/include";
				OTHER_LDFLAGS = " -Wl,-search_paths_first -Wl,-headerpad_max_install_names  /Users/Yang/Material/Research/dart/Xcode/lib/Release/libdart.5.1.2.dylib /Users/Yang/Material/Research/dart/Xcode/lib/Release/libdart-core.5.1.2.dylib /usr/local/Cellar/libccd/2.0/lib/libccd.dylib /usr/local/Cellar/fcl/0.3.2/lib/libfcl.dylib /usr/local/Cellar/assimp/3.1.1/lib/libassimp.dylib /usr/local/lib/libboost_regex-mt.dylib /usr/local/lib/libboost_system-mt.dylib -framework AGL -framework OpenGL -framework GLUT -framework Cocoa -lBulletSoftBody -lBulletDynamics -lBulletCollision -lLinearMath /usr/local/Cellar/urdfdom/0.2.10/lib/liburdfdom_sensor.dylib /usr/local/Cellar/urdfdom/0.2.10/lib/liburdfdom_model_state.dylib /usr/local/Cellar/urdfdom/0.2.10/lib/liburdfdom_model.dylib /usr/local/Cellar/urdfdom/0.2.10/lib/liburdfdom_world.dylib /usr/local/lib/libconsole_bridge.dylib /usr/local/opt/tinyxml/lib/libtinyxml.dylib /usr/local/Cellar/tinyxml2/3.0.0/lib/libtinyxml2.dylib";
				OTHER_REZFLAGS = "";
				PRODUCT_NAME = rigidBodies;
				SECTORDER_FLAGS = "";
				SYMROOT = /Users/Yang/Material/Research/dart/Xcode/apps/rigidBodies;
				USE_HEADERMAP = NO;
				WARNING_CFLAGS = ("-Wmost", "-Wno-four-char-constants", "-Wno-unknown-pragmas", "$(inherited)", );
			};
			name = Release;
		};
		5BE5DEEBF4FF44B1842919D2 /* Release */ = {
			isa = XCBuildConfiguration;
			buildSettings = {
				MACOSX_DEPLOYMENT_TARGET = 10.11;
				ONLY_ACTIVE_ARCH = YES;
				SDKROOT = /Applications/Xcode.app/Contents/Developer/Platforms/MacOSX.platform/Developer/SDKs/MacOSX10.12.sdk;
				SYMROOT = /Users/Yang/Material/Research/dart/Xcode/apps/rigidBodies/build;
			};
			name = Release;
		};
		66E47DFAD5CB4C1A959BA8EC /* Debug */ = {
			isa = XCBuildConfiguration;
			buildSettings = {
				COMBINE_HIDPI_IMAGES = YES;
				FRAMEWORK_SEARCH_PATHS = (/Applications/Xcode.app/Contents/Developer/Platforms/MacOSX.platform/Developer/SDKs/MacOSX10.12.sdk/System/Library/Frameworks, );
				GCC_GENERATE_DEBUGGING_SYMBOLS = YES;
				GCC_INLINES_ARE_PRIVATE_EXTERN = NO;
				GCC_OPTIMIZATION_LEVEL = 0;
				GCC_PREPROCESSOR_DEFINITIONS = ("'CMAKE_INTDIR=\"$(CONFIGURATION)$(EFFECTIVE_PLATFORM_NAME)\"'", );
				GCC_SYMBOLS_PRIVATE_EXTERN = NO;
				HEADER_SEARCH_PATHS = (/Users/Yang/Material/Research/dart, /usr/local/include/eigen3, /usr/local/Cellar/libccd/2.0/include, /usr/local/Cellar/fcl/0.3.2/include, /usr/local/include, /Applications/Xcode.app/Contents/Developer/Platforms/MacOSX.platform/Developer/SDKs/MacOSX10.12.sdk/System/Library/Frameworks/GLUT.framework/Headers, /usr/local/Cellar/bullet/2.83.6/include/bullet, /usr/local/Cellar/bullet/2.83.6/include, /usr/local/Cellar/flann/1.8.4_1/include, /usr/local/Cellar/urdfdom/0.2.10/include, /usr/local/Cellar/urdfdom_headers/0.2.3/include, /usr/local/Cellar/console_bridge/0.2.5/include, /usr/local/opt/tinyxml/include, /usr/local/Cellar/tinyxml2/3.0.0/include, /usr/local/Cellar/nlopt/2.4.2/include, /usr/local/Cellar/ipopt/3.12.4/include/coin, /Users/Yang/Material/Research/dart/Xcode, /Users/Yang/Material/Research/dart/apps/rigidBodies/../../src/dynamics, );
				INSTALL_PATH = "";
				OTHER_LDFLAGS = " ";
				OTHER_REZFLAGS = "";
				PRODUCT_NAME = RUN_TESTS;
				SECTORDER_FLAGS = "";
				SYMROOT = /Users/Yang/Material/Research/dart/Xcode/apps/rigidBodies;
				USE_HEADERMAP = NO;
				WARNING_CFLAGS = ("-Wmost", "-Wno-four-char-constants", "-Wno-unknown-pragmas", "$(inherited)", );
			};
			name = Debug;
		};
		670B38DD6E8F4C7684CC53EB /* Debug */ = {
			isa = XCBuildConfiguration;
			buildSettings = {
				MACOSX_DEPLOYMENT_TARGET = 10.11;
				ONLY_ACTIVE_ARCH = YES;
				SDKROOT = /Applications/Xcode.app/Contents/Developer/Platforms/MacOSX.platform/Developer/SDKs/MacOSX10.12.sdk;
				SYMROOT = /Users/Yang/Material/Research/dart/Xcode/apps/rigidBodies/build;
			};
			name = Debug;
		};
		6D002029F1BE4481AF683EFE /* RelWithDebInfo */ = {
			isa = XCBuildConfiguration;
			buildSettings = {
				COMBINE_HIDPI_IMAGES = YES;
				FRAMEWORK_SEARCH_PATHS = (/Applications/Xcode.app/Contents/Developer/Platforms/MacOSX.platform/Developer/SDKs/MacOSX10.12.sdk/System/Library/Frameworks, );
				GCC_GENERATE_DEBUGGING_SYMBOLS = YES;
				GCC_INLINES_ARE_PRIVATE_EXTERN = NO;
				GCC_OPTIMIZATION_LEVEL = 0;
				GCC_PREPROCESSOR_DEFINITIONS = ("'CMAKE_INTDIR=\"$(CONFIGURATION)$(EFFECTIVE_PLATFORM_NAME)\"'", );
				GCC_SYMBOLS_PRIVATE_EXTERN = NO;
				HEADER_SEARCH_PATHS = (/Users/Yang/Material/Research/dart, /usr/local/include/eigen3, /usr/local/Cellar/libccd/2.0/include, /usr/local/Cellar/fcl/0.3.2/include, /usr/local/include, /Applications/Xcode.app/Contents/Developer/Platforms/MacOSX.platform/Developer/SDKs/MacOSX10.12.sdk/System/Library/Frameworks/GLUT.framework/Headers, /usr/local/Cellar/bullet/2.83.6/include/bullet, /usr/local/Cellar/bullet/2.83.6/include, /usr/local/Cellar/flann/1.8.4_1/include, /usr/local/Cellar/urdfdom/0.2.10/include, /usr/local/Cellar/urdfdom_headers/0.2.3/include, /usr/local/Cellar/console_bridge/0.2.5/include, /usr/local/opt/tinyxml/include, /usr/local/Cellar/tinyxml2/3.0.0/include, /usr/local/Cellar/nlopt/2.4.2/include, /usr/local/Cellar/ipopt/3.12.4/include/coin, /Users/Yang/Material/Research/dart/Xcode, /Users/Yang/Material/Research/dart/apps/rigidBodies/../../src/dynamics, );
				INSTALL_PATH = "";
				OTHER_LDFLAGS = " ";
				OTHER_REZFLAGS = "";
				PRODUCT_NAME = RUN_TESTS;
				SECTORDER_FLAGS = "";
				SYMROOT = /Users/Yang/Material/Research/dart/Xcode/apps/rigidBodies;
				USE_HEADERMAP = NO;
				WARNING_CFLAGS = ("-Wmost", "-Wno-four-char-constants", "-Wno-unknown-pragmas", "$(inherited)", );
			};
			name = RelWithDebInfo;
		};
		7C48DDE7337D45958A7CBADC /* Release */ = {
			isa = XCBuildConfiguration;
			buildSettings = {
				COMBINE_HIDPI_IMAGES = YES;
				FRAMEWORK_SEARCH_PATHS = (/Applications/Xcode.app/Contents/Developer/Platforms/MacOSX.platform/Developer/SDKs/MacOSX10.12.sdk/System/Library/Frameworks, );
				GCC_GENERATE_DEBUGGING_SYMBOLS = YES;
				GCC_INLINES_ARE_PRIVATE_EXTERN = NO;
				GCC_OPTIMIZATION_LEVEL = 0;
				GCC_PREPROCESSOR_DEFINITIONS = ("'CMAKE_INTDIR=\"$(CONFIGURATION)$(EFFECTIVE_PLATFORM_NAME)\"'", );
				GCC_SYMBOLS_PRIVATE_EXTERN = NO;
				HEADER_SEARCH_PATHS = (/Users/Yang/Material/Research/dart, /usr/local/include/eigen3, /usr/local/Cellar/libccd/2.0/include, /usr/local/Cellar/fcl/0.3.2/include, /usr/local/include, /Applications/Xcode.app/Contents/Developer/Platforms/MacOSX.platform/Developer/SDKs/MacOSX10.12.sdk/System/Library/Frameworks/GLUT.framework/Headers, /usr/local/Cellar/bullet/2.83.6/include/bullet, /usr/local/Cellar/bullet/2.83.6/include, /usr/local/Cellar/flann/1.8.4_1/include, /usr/local/Cellar/urdfdom/0.2.10/include, /usr/local/Cellar/urdfdom_headers/0.2.3/include, /usr/local/Cellar/console_bridge/0.2.5/include, /usr/local/opt/tinyxml/include, /usr/local/Cellar/tinyxml2/3.0.0/include, /usr/local/Cellar/nlopt/2.4.2/include, /usr/local/Cellar/ipopt/3.12.4/include/coin, /Users/Yang/Material/Research/dart/Xcode, /Users/Yang/Material/Research/dart/apps/rigidBodies/../../src/dynamics, );
				INSTALL_PATH = "";
				OTHER_LDFLAGS = " ";
				OTHER_REZFLAGS = "";
				PRODUCT_NAME = ZERO_CHECK;
				SECTORDER_FLAGS = "";
				SYMROOT = /Users/Yang/Material/Research/dart/Xcode/apps/rigidBodies;
				USE_HEADERMAP = NO;
				WARNING_CFLAGS = ("-Wmost", "-Wno-four-char-constants", "-Wno-unknown-pragmas", "$(inherited)", );
			};
			name = Release;
		};
		880A78A1D67042FD9B84FA4B /* Debug */ = {
			isa = XCBuildConfiguration;
			buildSettings = {
				COMBINE_HIDPI_IMAGES = YES;
				FRAMEWORK_SEARCH_PATHS = (/Applications/Xcode.app/Contents/Developer/Platforms/MacOSX.platform/Developer/SDKs/MacOSX10.12.sdk/System/Library/Frameworks, );
				GCC_GENERATE_DEBUGGING_SYMBOLS = YES;
				GCC_INLINES_ARE_PRIVATE_EXTERN = NO;
				GCC_OPTIMIZATION_LEVEL = 0;
				GCC_PREPROCESSOR_DEFINITIONS = ("'CMAKE_INTDIR=\"$(CONFIGURATION)$(EFFECTIVE_PLATFORM_NAME)\"'", );
				GCC_SYMBOLS_PRIVATE_EXTERN = NO;
				HEADER_SEARCH_PATHS = (/Users/Yang/Material/Research/dart, /usr/local/include/eigen3, /usr/local/Cellar/libccd/2.0/include, /usr/local/Cellar/fcl/0.3.2/include, /usr/local/include, /Applications/Xcode.app/Contents/Developer/Platforms/MacOSX.platform/Developer/SDKs/MacOSX10.12.sdk/System/Library/Frameworks/GLUT.framework/Headers, /usr/local/Cellar/bullet/2.83.6/include/bullet, /usr/local/Cellar/bullet/2.83.6/include, /usr/local/Cellar/flann/1.8.4_1/include, /usr/local/Cellar/urdfdom/0.2.10/include, /usr/local/Cellar/urdfdom_headers/0.2.3/include, /usr/local/Cellar/console_bridge/0.2.5/include, /usr/local/opt/tinyxml/include, /usr/local/Cellar/tinyxml2/3.0.0/include, /usr/local/Cellar/nlopt/2.4.2/include, /usr/local/Cellar/ipopt/3.12.4/include/coin, /Users/Yang/Material/Research/dart/Xcode, /Users/Yang/Material/Research/dart/apps/rigidBodies/../../src/dynamics, );
				INSTALL_PATH = "";
				OTHER_LDFLAGS = " ";
				OTHER_REZFLAGS = "";
				PRODUCT_NAME = ZERO_CHECK;
				SECTORDER_FLAGS = "";
				SYMROOT = /Users/Yang/Material/Research/dart/Xcode/apps/rigidBodies;
				USE_HEADERMAP = NO;
				WARNING_CFLAGS = ("-Wmost", "-Wno-four-char-constants", "-Wno-unknown-pragmas", "$(inherited)", );
			};
			name = Debug;
		};
		8FD8123A3199497A929DDAF9 /* RelWithDebInfo */ = {
			isa = XCBuildConfiguration;
			buildSettings = {
				COMBINE_HIDPI_IMAGES = YES;
				FRAMEWORK_SEARCH_PATHS = (/Applications/Xcode.app/Contents/Developer/Platforms/MacOSX.platform/Developer/SDKs/MacOSX10.12.sdk/System/Library/Frameworks, );
				GCC_GENERATE_DEBUGGING_SYMBOLS = YES;
				GCC_INLINES_ARE_PRIVATE_EXTERN = NO;
				GCC_OPTIMIZATION_LEVEL = 0;
				GCC_PREPROCESSOR_DEFINITIONS = ("'CMAKE_INTDIR=\"$(CONFIGURATION)$(EFFECTIVE_PLATFORM_NAME)\"'", );
				GCC_SYMBOLS_PRIVATE_EXTERN = NO;
				HEADER_SEARCH_PATHS = (/Users/Yang/Material/Research/dart, /usr/local/include/eigen3, /usr/local/Cellar/libccd/2.0/include, /usr/local/Cellar/fcl/0.3.2/include, /usr/local/include, /Applications/Xcode.app/Contents/Developer/Platforms/MacOSX.platform/Developer/SDKs/MacOSX10.12.sdk/System/Library/Frameworks/GLUT.framework/Headers, /usr/local/Cellar/bullet/2.83.6/include/bullet, /usr/local/Cellar/bullet/2.83.6/include, /usr/local/Cellar/flann/1.8.4_1/include, /usr/local/Cellar/urdfdom/0.2.10/include, /usr/local/Cellar/urdfdom_headers/0.2.3/include, /usr/local/Cellar/console_bridge/0.2.5/include, /usr/local/opt/tinyxml/include, /usr/local/Cellar/tinyxml2/3.0.0/include, /usr/local/Cellar/nlopt/2.4.2/include, /usr/local/Cellar/ipopt/3.12.4/include/coin, /Users/Yang/Material/Research/dart/Xcode, /Users/Yang/Material/Research/dart/apps/rigidBodies/../../src/dynamics, );
				INSTALL_PATH = "";
				OTHER_LDFLAGS = " ";
				OTHER_REZFLAGS = "";
				PRODUCT_NAME = install;
				SECTORDER_FLAGS = "";
				SYMROOT = /Users/Yang/Material/Research/dart/Xcode/apps/rigidBodies;
				USE_HEADERMAP = NO;
				WARNING_CFLAGS = ("-Wmost", "-Wno-four-char-constants", "-Wno-unknown-pragmas", "$(inherited)", );
			};
			name = RelWithDebInfo;
		};
		95122F9813B74F67A79BBBCF /* RelWithDebInfo */ = {
			isa = XCBuildConfiguration;
			buildSettings = {
				COMBINE_HIDPI_IMAGES = YES;
				CONFIGURATION_BUILD_DIR = /Users/Yang/Material/Research/dart/Xcode/bin/RelWithDebInfo;
				EXECUTABLE_PREFIX = "";
				EXECUTABLE_SUFFIX = "";
				FRAMEWORK_SEARCH_PATHS = (/Applications/Xcode.app/Contents/Developer/Platforms/MacOSX.platform/Developer/SDKs/MacOSX10.12.sdk/System/Library/Frameworks, );
				GCC_GENERATE_DEBUGGING_SYMBOLS = YES;
				GCC_INLINES_ARE_PRIVATE_EXTERN = NO;
				GCC_OPTIMIZATION_LEVEL = 3;
				GCC_PREPROCESSOR_DEFINITIONS = ("'CMAKE_INTDIR=\"$(CONFIGURATION)$(EFFECTIVE_PLATFORM_NAME)\"'", BOOST_TEST_DYN_LINK, HAVE_BULLET_COLLISION, );
				GCC_SYMBOLS_PRIVATE_EXTERN = NO;
				HEADER_SEARCH_PATHS = (/Users/Yang/Material/Research/dart, /usr/local/include/eigen3, /usr/local/Cellar/libccd/2.0/include, /usr/local/Cellar/fcl/0.3.2/include, /usr/local/include, /Applications/Xcode.app/Contents/Developer/Platforms/MacOSX.platform/Developer/SDKs/MacOSX10.12.sdk/System/Library/Frameworks/GLUT.framework/Headers, /usr/local/Cellar/bullet/2.83.6/include/bullet, /usr/local/Cellar/bullet/2.83.6/include, /usr/local/Cellar/flann/1.8.4_1/include, /usr/local/Cellar/urdfdom/0.2.10/include, /usr/local/Cellar/urdfdom_headers/0.2.3/include, /usr/local/Cellar/console_bridge/0.2.5/include, /usr/local/opt/tinyxml/include, /usr/local/Cellar/tinyxml2/3.0.0/include, /usr/local/Cellar/nlopt/2.4.2/include, /usr/local/Cellar/ipopt/3.12.4/include/coin, /Users/Yang/Material/Research/dart/Xcode, /Users/Yang/Material/Research/dart/apps/rigidBodies/../../src/dynamics, );
				INSTALL_PATH = "";
				LD_RUNPATH_SEARCH_PATHS = "/Users/Yang/Material/Research/dart/Xcode/lib /usr/local/lib /usr/local/Cellar/bullet/2.83.6/lib /Users/Yang/Material/Research/dart/Xcode/lib/RelWithDebInfo";
				LIBRARY_SEARCH_PATHS = " /Users/Yang/Material/Research/dart/Xcode/lib/$(CONFIGURATION)$(EFFECTIVE_PLATFORM_NAME) /Users/Yang/Material/Research/dart/Xcode/lib /usr/local/lib/$(CONFIGURATION)$(EFFECTIVE_PLATFORM_NAME) /usr/local/lib /usr/local/Cellar/bullet/2.83.6/lib/$(CONFIGURATION)$(EFFECTIVE_PLATFORM_NAME) /usr/local/Cellar/bullet/2.83.6/lib";
				OTHER_CPLUSPLUSFLAGS = "-msse2 -fPIC -std=c++11 -stdlib=libc++     -DNDEBUG    -fno-omit-frame-pointer -fno-inline-functions -fno-optimize-sibling-calls   -I/usr/local/Cellar/bullet/2.83.6/include/bullet -I/usr/local/Cellar/bullet/2.83.6/include";
				OTHER_LDFLAGS = " -Wl,-search_paths_first -Wl,-headerpad_max_install_names  /Users/Yang/Material/Research/dart/Xcode/lib/RelWithDebInfo/libdart.5.1.2.dylib /Users/Yang/Material/Research/dart/Xcode/lib/RelWithDebInfo/libdart-core.5.1.2.dylib /usr/local/Cellar/libccd/2.0/lib/libccd.dylib /usr/local/Cellar/fcl/0.3.2/lib/libfcl.dylib /usr/local/Cellar/assimp/3.1.1/lib/libassimp.dylib /usr/local/lib/libboost_regex-mt.dylib /usr/local/lib/libboost_system-mt.dylib -framework AGL -framework OpenGL -framework GLUT -framework Cocoa -lBulletSoftBody -lBulletDynamics -lBulletCollision -lLinearMath /usr/local/Cellar/urdfdom/0.2.10/lib/liburdfdom_sensor.dylib /usr/local/Cellar/urdfdom/0.2.10/lib/liburdfdom_model_state.dylib /usr/local/Cellar/urdfdom/0.2.10/lib/liburdfdom_model.dylib /usr/local/Cellar/urdfdom/0.2.10/lib/liburdfdom_world.dylib /usr/local/lib/libconsole_bridge.dylib /usr/local/opt/tinyxml/lib/libtinyxml.dylib /usr/local/Cellar/tinyxml2/3.0.0/lib/libtinyxml2.dylib";
				OTHER_REZFLAGS = "";
				PRODUCT_NAME = rigidBodies;
				SECTORDER_FLAGS = "";
				SYMROOT = /Users/Yang/Material/Research/dart/Xcode/apps/rigidBodies;
				USE_HEADERMAP = NO;
				WARNING_CFLAGS = ("-Wmost", "-Wno-four-char-constants", "-Wno-unknown-pragmas", "$(inherited)", );
			};
			name = RelWithDebInfo;
		};
		98634BF4EFA947119B0C94BE /* Debug */ = {
			isa = XCBuildConfiguration;
			buildSettings = {
				COMBINE_HIDPI_IMAGES = YES;
				CONFIGURATION_BUILD_DIR = /Users/Yang/Material/Research/dart/Xcode/bin/Debug;
				EXECUTABLE_PREFIX = "";
				EXECUTABLE_SUFFIX = "";
				FRAMEWORK_SEARCH_PATHS = (/Applications/Xcode.app/Contents/Developer/Platforms/MacOSX.platform/Developer/SDKs/MacOSX10.12.sdk/System/Library/Frameworks, );
				GCC_GENERATE_DEBUGGING_SYMBOLS = YES;
				GCC_INLINES_ARE_PRIVATE_EXTERN = NO;
				GCC_OPTIMIZATION_LEVEL = 0;
				GCC_PREPROCESSOR_DEFINITIONS = ("'CMAKE_INTDIR=\"$(CONFIGURATION)$(EFFECTIVE_PLATFORM_NAME)\"'", BOOST_TEST_DYN_LINK, HAVE_BULLET_COLLISION, );
				GCC_SYMBOLS_PRIVATE_EXTERN = NO;
				HEADER_SEARCH_PATHS = (/Users/Yang/Material/Research/dart, /usr/local/include/eigen3, /usr/local/Cellar/libccd/2.0/include, /usr/local/Cellar/fcl/0.3.2/include, /usr/local/include, /Applications/Xcode.app/Contents/Developer/Platforms/MacOSX.platform/Developer/SDKs/MacOSX10.12.sdk/System/Library/Frameworks/GLUT.framework/Headers, /usr/local/Cellar/bullet/2.83.6/include/bullet, /usr/local/Cellar/bullet/2.83.6/include, /usr/local/Cellar/flann/1.8.4_1/include, /usr/local/Cellar/urdfdom/0.2.10/include, /usr/local/Cellar/urdfdom_headers/0.2.3/include, /usr/local/Cellar/console_bridge/0.2.5/include, /usr/local/opt/tinyxml/include, /usr/local/Cellar/tinyxml2/3.0.0/include, /usr/local/Cellar/nlopt/2.4.2/include, /usr/local/Cellar/ipopt/3.12.4/include/coin, /Users/Yang/Material/Research/dart/Xcode, /Users/Yang/Material/Research/dart/apps/rigidBodies/../../src/dynamics, );
				INSTALL_PATH = "";
				LD_RUNPATH_SEARCH_PATHS = "/Users/Yang/Material/Research/dart/Xcode/lib /usr/local/lib /usr/local/Cellar/bullet/2.83.6/lib /Users/Yang/Material/Research/dart/Xcode/lib/Debug";
				LIBRARY_SEARCH_PATHS = " /Users/Yang/Material/Research/dart/Xcode/lib/$(CONFIGURATION)$(EFFECTIVE_PLATFORM_NAME) /Users/Yang/Material/Research/dart/Xcode/lib /usr/local/lib/$(CONFIGURATION)$(EFFECTIVE_PLATFORM_NAME) /usr/local/lib /usr/local/Cellar/bullet/2.83.6/lib/$(CONFIGURATION)$(EFFECTIVE_PLATFORM_NAME) /usr/local/Cellar/bullet/2.83.6/lib";
				OTHER_CPLUSPLUSFLAGS = "-msse2 -fPIC -std=c++11 -stdlib=libc++    -fno-omit-frame-pointer -fno-inline-functions -fno-optimize-sibling-calls   -I/usr/local/Cellar/bullet/2.83.6/include/bullet -I/usr/local/Cellar/bullet/2.83.6/include";
				OTHER_LDFLAGS = " -Wl,-search_paths_first -Wl,-headerpad_max_install_names  /Users/Yang/Material/Research/dart/Xcode/lib/Debug/libdartd.5.1.2.dylib /Users/Yang/Material/Research/dart/Xcode/lib/Debug/libdart-cored.5.1.2.dylib /usr/local/Cellar/libccd/2.0/lib/libccd.dylib /usr/local/Cellar/fcl/0.3.2/lib/libfcl.dylib /usr/local/Cellar/assimp/3.1.1/lib/libassimp.dylib /usr/local/lib/libboost_regex-mt.dylib /usr/local/lib/libboost_system-mt.dylib -framework AGL -framework OpenGL -framework GLUT -framework Cocoa -lBulletSoftBody -lBulletDynamics -lBulletCollision -lLinearMath /usr/local/Cellar/urdfdom/0.2.10/lib/liburdfdom_sensor.dylib /usr/local/Cellar/urdfdom/0.2.10/lib/liburdfdom_model_state.dylib /usr/local/Cellar/urdfdom/0.2.10/lib/liburdfdom_model.dylib /usr/local/Cellar/urdfdom/0.2.10/lib/liburdfdom_world.dylib /usr/local/lib/libconsole_bridge.dylib /usr/local/opt/tinyxml/lib/libtinyxml.dylib /usr/local/Cellar/tinyxml2/3.0.0/lib/libtinyxml2.dylib";
				OTHER_REZFLAGS = "";
				PRODUCT_NAME = rigidBodies;
				SECTORDER_FLAGS = "";
				SYMROOT = /Users/Yang/Material/Research/dart/Xcode/apps/rigidBodies;
				USE_HEADERMAP = NO;
				WARNING_CFLAGS = ("-Wmost", "-Wno-four-char-constants", "-Wno-unknown-pragmas", "$(inherited)", );
			};
			name = Debug;
		};
		997AB17748E94A4B81F0C107 /* RelWithDebInfo */ = {
			isa = XCBuildConfiguration;
			buildSettings = {
				COMBINE_HIDPI_IMAGES = YES;
				FRAMEWORK_SEARCH_PATHS = (/Applications/Xcode.app/Contents/Developer/Platforms/MacOSX.platform/Developer/SDKs/MacOSX10.12.sdk/System/Library/Frameworks, );
				GCC_GENERATE_DEBUGGING_SYMBOLS = YES;
				GCC_INLINES_ARE_PRIVATE_EXTERN = NO;
				GCC_OPTIMIZATION_LEVEL = 0;
				GCC_PREPROCESSOR_DEFINITIONS = ("'CMAKE_INTDIR=\"$(CONFIGURATION)$(EFFECTIVE_PLATFORM_NAME)\"'", );
				GCC_SYMBOLS_PRIVATE_EXTERN = NO;
				HEADER_SEARCH_PATHS = (/Users/Yang/Material/Research/dart, /usr/local/include/eigen3, /usr/local/Cellar/libccd/2.0/include, /usr/local/Cellar/fcl/0.3.2/include, /usr/local/include, /Applications/Xcode.app/Contents/Developer/Platforms/MacOSX.platform/Developer/SDKs/MacOSX10.12.sdk/System/Library/Frameworks/GLUT.framework/Headers, /usr/local/Cellar/bullet/2.83.6/include/bullet, /usr/local/Cellar/bullet/2.83.6/include, /usr/local/Cellar/flann/1.8.4_1/include, /usr/local/Cellar/urdfdom/0.2.10/include, /usr/local/Cellar/urdfdom_headers/0.2.3/include, /usr/local/Cellar/console_bridge/0.2.5/include, /usr/local/opt/tinyxml/include, /usr/local/Cellar/tinyxml2/3.0.0/include, /usr/local/Cellar/nlopt/2.4.2/include, /usr/local/Cellar/ipopt/3.12.4/include/coin, /Users/Yang/Material/Research/dart/Xcode, /Users/Yang/Material/Research/dart/apps/rigidBodies/../../src/dynamics, );
				INSTALL_PATH = "";
				OTHER_LDFLAGS = " ";
				OTHER_REZFLAGS = "";
				PRODUCT_NAME = ZERO_CHECK;
				SECTORDER_FLAGS = "";
				SYMROOT = /Users/Yang/Material/Research/dart/Xcode/apps/rigidBodies;
				USE_HEADERMAP = NO;
				WARNING_CFLAGS = ("-Wmost", "-Wno-four-char-constants", "-Wno-unknown-pragmas", "$(inherited)", );
			};
			name = RelWithDebInfo;
		};
		9C2EBC39C2AC44BC8FCC9E20 /* MinSizeRel */ = {
			isa = XCBuildConfiguration;
			buildSettings = {
				COMBINE_HIDPI_IMAGES = YES;
				FRAMEWORK_SEARCH_PATHS = (/Applications/Xcode.app/Contents/Developer/Platforms/MacOSX.platform/Developer/SDKs/MacOSX10.12.sdk/System/Library/Frameworks, );
				GCC_GENERATE_DEBUGGING_SYMBOLS = YES;
				GCC_INLINES_ARE_PRIVATE_EXTERN = NO;
				GCC_OPTIMIZATION_LEVEL = 0;
				GCC_PREPROCESSOR_DEFINITIONS = ("'CMAKE_INTDIR=\"$(CONFIGURATION)$(EFFECTIVE_PLATFORM_NAME)\"'", );
				GCC_SYMBOLS_PRIVATE_EXTERN = NO;
				HEADER_SEARCH_PATHS = (/Users/Yang/Material/Research/dart, /usr/local/include/eigen3, /usr/local/Cellar/libccd/2.0/include, /usr/local/Cellar/fcl/0.3.2/include, /usr/local/include, /Applications/Xcode.app/Contents/Developer/Platforms/MacOSX.platform/Developer/SDKs/MacOSX10.12.sdk/System/Library/Frameworks/GLUT.framework/Headers, /usr/local/Cellar/bullet/2.83.6/include/bullet, /usr/local/Cellar/bullet/2.83.6/include, /usr/local/Cellar/flann/1.8.4_1/include, /usr/local/Cellar/urdfdom/0.2.10/include, /usr/local/Cellar/urdfdom_headers/0.2.3/include, /usr/local/Cellar/console_bridge/0.2.5/include, /usr/local/opt/tinyxml/include, /usr/local/Cellar/tinyxml2/3.0.0/include, /usr/local/Cellar/nlopt/2.4.2/include, /usr/local/Cellar/ipopt/3.12.4/include/coin, /Users/Yang/Material/Research/dart/Xcode, /Users/Yang/Material/Research/dart/apps/rigidBodies/../../src/dynamics, );
				INSTALL_PATH = "";
				OTHER_LDFLAGS = " ";
				OTHER_REZFLAGS = "";
				PRODUCT_NAME = ZERO_CHECK;
				SECTORDER_FLAGS = "";
				SYMROOT = /Users/Yang/Material/Research/dart/Xcode/apps/rigidBodies;
				USE_HEADERMAP = NO;
				WARNING_CFLAGS = ("-Wmost", "-Wno-four-char-constants", "-Wno-unknown-pragmas", "$(inherited)", );
			};
			name = MinSizeRel;
		};
		B6971CAE9E9A4CC2A139D544 /* MinSizeRel */ = {
			isa = XCBuildConfiguration;
			buildSettings = {
				COMBINE_HIDPI_IMAGES = YES;
				FRAMEWORK_SEARCH_PATHS = (/Applications/Xcode.app/Contents/Developer/Platforms/MacOSX.platform/Developer/SDKs/MacOSX10.12.sdk/System/Library/Frameworks, );
				GCC_GENERATE_DEBUGGING_SYMBOLS = YES;
				GCC_INLINES_ARE_PRIVATE_EXTERN = NO;
				GCC_OPTIMIZATION_LEVEL = 0;
				GCC_PREPROCESSOR_DEFINITIONS = ("'CMAKE_INTDIR=\"$(CONFIGURATION)$(EFFECTIVE_PLATFORM_NAME)\"'", );
				GCC_SYMBOLS_PRIVATE_EXTERN = NO;
				HEADER_SEARCH_PATHS = (/Users/Yang/Material/Research/dart, /usr/local/include/eigen3, /usr/local/Cellar/libccd/2.0/include, /usr/local/Cellar/fcl/0.3.2/include, /usr/local/include, /Applications/Xcode.app/Contents/Developer/Platforms/MacOSX.platform/Developer/SDKs/MacOSX10.12.sdk/System/Library/Frameworks/GLUT.framework/Headers, /usr/local/Cellar/bullet/2.83.6/include/bullet, /usr/local/Cellar/bullet/2.83.6/include, /usr/local/Cellar/flann/1.8.4_1/include, /usr/local/Cellar/urdfdom/0.2.10/include, /usr/local/Cellar/urdfdom_headers/0.2.3/include, /usr/local/Cellar/console_bridge/0.2.5/include, /usr/local/opt/tinyxml/include, /usr/local/Cellar/tinyxml2/3.0.0/include, /usr/local/Cellar/nlopt/2.4.2/include, /usr/local/Cellar/ipopt/3.12.4/include/coin, /Users/Yang/Material/Research/dart/Xcode, /Users/Yang/Material/Research/dart/apps/rigidBodies/../../src/dynamics, );
				INSTALL_PATH = "";
				OTHER_LDFLAGS = " ";
				OTHER_REZFLAGS = "";
				PRODUCT_NAME = install;
				SECTORDER_FLAGS = "";
				SYMROOT = /Users/Yang/Material/Research/dart/Xcode/apps/rigidBodies;
				USE_HEADERMAP = NO;
				WARNING_CFLAGS = ("-Wmost", "-Wno-four-char-constants", "-Wno-unknown-pragmas", "$(inherited)", );
			};
			name = MinSizeRel;
		};
		BF8F750227DD4B1D8F0C15B4 /* RelWithDebInfo */ = {
			isa = XCBuildConfiguration;
			buildSettings = {
				MACOSX_DEPLOYMENT_TARGET = 10.11;
				ONLY_ACTIVE_ARCH = YES;
				SDKROOT = /Applications/Xcode.app/Contents/Developer/Platforms/MacOSX.platform/Developer/SDKs/MacOSX10.12.sdk;
				SYMROOT = /Users/Yang/Material/Research/dart/Xcode/apps/rigidBodies/build;
			};
			name = RelWithDebInfo;
		};
		CB96AA4A401A431EAF500999 /* MinSizeRel */ = {
			isa = XCBuildConfiguration;
			buildSettings = {
				COMBINE_HIDPI_IMAGES = YES;
				FRAMEWORK_SEARCH_PATHS = (/Applications/Xcode.app/Contents/Developer/Platforms/MacOSX.platform/Developer/SDKs/MacOSX10.12.sdk/System/Library/Frameworks, );
				GCC_GENERATE_DEBUGGING_SYMBOLS = YES;
				GCC_INLINES_ARE_PRIVATE_EXTERN = NO;
				GCC_OPTIMIZATION_LEVEL = 0;
				GCC_PREPROCESSOR_DEFINITIONS = ("'CMAKE_INTDIR=\"$(CONFIGURATION)$(EFFECTIVE_PLATFORM_NAME)\"'", );
				GCC_SYMBOLS_PRIVATE_EXTERN = NO;
				HEADER_SEARCH_PATHS = (/Users/Yang/Material/Research/dart, /usr/local/include/eigen3, /usr/local/Cellar/libccd/2.0/include, /usr/local/Cellar/fcl/0.3.2/include, /usr/local/include, /Applications/Xcode.app/Contents/Developer/Platforms/MacOSX.platform/Developer/SDKs/MacOSX10.12.sdk/System/Library/Frameworks/GLUT.framework/Headers, /usr/local/Cellar/bullet/2.83.6/include/bullet, /usr/local/Cellar/bullet/2.83.6/include, /usr/local/Cellar/flann/1.8.4_1/include, /usr/local/Cellar/urdfdom/0.2.10/include, /usr/local/Cellar/urdfdom_headers/0.2.3/include, /usr/local/Cellar/console_bridge/0.2.5/include, /usr/local/opt/tinyxml/include, /usr/local/Cellar/tinyxml2/3.0.0/include, /usr/local/Cellar/nlopt/2.4.2/include, /usr/local/Cellar/ipopt/3.12.4/include/coin, /Users/Yang/Material/Research/dart/Xcode, /Users/Yang/Material/Research/dart/apps/rigidBodies/../../src/dynamics, );
				INSTALL_PATH = "";
				OTHER_LDFLAGS = " ";
				OTHER_REZFLAGS = "";
				PRODUCT_NAME = ALL_BUILD;
				SECTORDER_FLAGS = "";
				SYMROOT = /Users/Yang/Material/Research/dart/Xcode/apps/rigidBodies;
				USE_HEADERMAP = NO;
				WARNING_CFLAGS = ("-Wmost", "-Wno-four-char-constants", "-Wno-unknown-pragmas", "$(inherited)", );
			};
			name = MinSizeRel;
		};
		D2F40A3F2A1C4AC19853E0EF /* Release */ = {
			isa = XCBuildConfiguration;
			buildSettings = {
				COMBINE_HIDPI_IMAGES = YES;
				FRAMEWORK_SEARCH_PATHS = (/Applications/Xcode.app/Contents/Developer/Platforms/MacOSX.platform/Developer/SDKs/MacOSX10.12.sdk/System/Library/Frameworks, );
				GCC_GENERATE_DEBUGGING_SYMBOLS = YES;
				GCC_INLINES_ARE_PRIVATE_EXTERN = NO;
				GCC_OPTIMIZATION_LEVEL = 0;
				GCC_PREPROCESSOR_DEFINITIONS = ("'CMAKE_INTDIR=\"$(CONFIGURATION)$(EFFECTIVE_PLATFORM_NAME)\"'", );
				GCC_SYMBOLS_PRIVATE_EXTERN = NO;
				HEADER_SEARCH_PATHS = (/Users/Yang/Material/Research/dart, /usr/local/include/eigen3, /usr/local/Cellar/libccd/2.0/include, /usr/local/Cellar/fcl/0.3.2/include, /usr/local/include, /Applications/Xcode.app/Contents/Developer/Platforms/MacOSX.platform/Developer/SDKs/MacOSX10.12.sdk/System/Library/Frameworks/GLUT.framework/Headers, /usr/local/Cellar/bullet/2.83.6/include/bullet, /usr/local/Cellar/bullet/2.83.6/include, /usr/local/Cellar/flann/1.8.4_1/include, /usr/local/Cellar/urdfdom/0.2.10/include, /usr/local/Cellar/urdfdom_headers/0.2.3/include, /usr/local/Cellar/console_bridge/0.2.5/include, /usr/local/opt/tinyxml/include, /usr/local/Cellar/tinyxml2/3.0.0/include, /usr/local/Cellar/nlopt/2.4.2/include, /usr/local/Cellar/ipopt/3.12.4/include/coin, /Users/Yang/Material/Research/dart/Xcode, /Users/Yang/Material/Research/dart/apps/rigidBodies/../../src/dynamics, );
				INSTALL_PATH = "";
				OTHER_LDFLAGS = " ";
				OTHER_REZFLAGS = "";
				PRODUCT_NAME = RUN_TESTS;
				SECTORDER_FLAGS = "";
				SYMROOT = /Users/Yang/Material/Research/dart/Xcode/apps/rigidBodies;
				USE_HEADERMAP = NO;
				WARNING_CFLAGS = ("-Wmost", "-Wno-four-char-constants", "-Wno-unknown-pragmas", "$(inherited)", );
			};
			name = Release;
		};
		F4F05CEAC63A4B93A67332BD /* MinSizeRel */ = {
			isa = XCBuildConfiguration;
			buildSettings = {
				MACOSX_DEPLOYMENT_TARGET = 10.11;
				ONLY_ACTIVE_ARCH = YES;
				SDKROOT = /Applications/Xcode.app/Contents/Developer/Platforms/MacOSX.platform/Developer/SDKs/MacOSX10.12.sdk;
				SYMROOT = /Users/Yang/Material/Research/dart/Xcode/apps/rigidBodies/build;
			};
			name = MinSizeRel;
		};
		F5D6FC270CFA441E9407CD43 /* Release */ = {
			isa = XCBuildConfiguration;
			buildSettings = {
				COMBINE_HIDPI_IMAGES = YES;
				FRAMEWORK_SEARCH_PATHS = (/Applications/Xcode.app/Contents/Developer/Platforms/MacOSX.platform/Developer/SDKs/MacOSX10.12.sdk/System/Library/Frameworks, );
				GCC_GENERATE_DEBUGGING_SYMBOLS = YES;
				GCC_INLINES_ARE_PRIVATE_EXTERN = NO;
				GCC_OPTIMIZATION_LEVEL = 0;
				GCC_PREPROCESSOR_DEFINITIONS = ("'CMAKE_INTDIR=\"$(CONFIGURATION)$(EFFECTIVE_PLATFORM_NAME)\"'", );
				GCC_SYMBOLS_PRIVATE_EXTERN = NO;
				HEADER_SEARCH_PATHS = (/Users/Yang/Material/Research/dart, /usr/local/include/eigen3, /usr/local/Cellar/libccd/2.0/include, /usr/local/Cellar/fcl/0.3.2/include, /usr/local/include, /Applications/Xcode.app/Contents/Developer/Platforms/MacOSX.platform/Developer/SDKs/MacOSX10.12.sdk/System/Library/Frameworks/GLUT.framework/Headers, /usr/local/Cellar/bullet/2.83.6/include/bullet, /usr/local/Cellar/bullet/2.83.6/include, /usr/local/Cellar/flann/1.8.4_1/include, /usr/local/Cellar/urdfdom/0.2.10/include, /usr/local/Cellar/urdfdom_headers/0.2.3/include, /usr/local/Cellar/console_bridge/0.2.5/include, /usr/local/opt/tinyxml/include, /usr/local/Cellar/tinyxml2/3.0.0/include, /usr/local/Cellar/nlopt/2.4.2/include, /usr/local/Cellar/ipopt/3.12.4/include/coin, /Users/Yang/Material/Research/dart/Xcode, /Users/Yang/Material/Research/dart/apps/rigidBodies/../../src/dynamics, );
				INSTALL_PATH = "";
				OTHER_LDFLAGS = " ";
				OTHER_REZFLAGS = "";
				PRODUCT_NAME = ALL_BUILD;
				SECTORDER_FLAGS = "";
				SYMROOT = /Users/Yang/Material/Research/dart/Xcode/apps/rigidBodies;
				USE_HEADERMAP = NO;
				WARNING_CFLAGS = ("-Wmost", "-Wno-four-char-constants", "-Wno-unknown-pragmas", "$(inherited)", );
			};
			name = Release;
		};
/* End XCBuildConfiguration section */

/* Begin XCConfigurationList section */
		10FCBBEDEC824D9AA84E4227 /* Build configuration list for PBXAggregateTarget "ALL_BUILD" */ = {
			isa = XCConfigurationList;
			buildConfigurations = (
				48BA9B73388B427F96DD65B1 /* Debug */,
				F5D6FC270CFA441E9407CD43 /* Release */,
				CB96AA4A401A431EAF500999 /* MinSizeRel */,
				1E8B91466EDC4E3A80B4065D /* RelWithDebInfo */,
			);
			defaultConfigurationIsVisible = 0;
			defaultConfigurationName = Debug;
		};
		1C9C89FDA34E4EBFA1DE20C1 /* Build configuration list for PBXNativeTarget "rigidBodies" */ = {
			isa = XCConfigurationList;
			buildConfigurations = (
				98634BF4EFA947119B0C94BE /* Debug */,
				50D49CA211A94AC1A05118D5 /* Release */,
				07D2FC4687D34BC59D77C717 /* MinSizeRel */,
				95122F9813B74F67A79BBBCF /* RelWithDebInfo */,
			);
			defaultConfigurationIsVisible = 0;
			defaultConfigurationName = Debug;
		};
		2F1F4F689015429490D5AF9C /* Build configuration list for PBXAggregateTarget "ZERO_CHECK" */ = {
			isa = XCConfigurationList;
			buildConfigurations = (
				880A78A1D67042FD9B84FA4B /* Debug */,
				7C48DDE7337D45958A7CBADC /* Release */,
				9C2EBC39C2AC44BC8FCC9E20 /* MinSizeRel */,
				997AB17748E94A4B81F0C107 /* RelWithDebInfo */,
			);
			defaultConfigurationIsVisible = 0;
			defaultConfigurationName = Debug;
		};
		A2CEE02796484E759D08D99D /* Build configuration list for PBXAggregateTarget "RUN_TESTS" */ = {
			isa = XCConfigurationList;
			buildConfigurations = (
				66E47DFAD5CB4C1A959BA8EC /* Debug */,
				D2F40A3F2A1C4AC19853E0EF /* Release */,
				3A4F9E939B3C4FDEB85DFD1B /* MinSizeRel */,
				6D002029F1BE4481AF683EFE /* RelWithDebInfo */,
			);
			defaultConfigurationIsVisible = 0;
			defaultConfigurationName = Debug;
		};
		A90D1B9E9FB54CB79C8132B9 /* Build configuration list for PBXProject "rigidBodies" */ = {
			isa = XCConfigurationList;
			buildConfigurations = (
				670B38DD6E8F4C7684CC53EB /* Debug */,
				5BE5DEEBF4FF44B1842919D2 /* Release */,
				F4F05CEAC63A4B93A67332BD /* MinSizeRel */,
				BF8F750227DD4B1D8F0C15B4 /* RelWithDebInfo */,
			);
			defaultConfigurationIsVisible = 0;
			defaultConfigurationName = Debug;
		};
		B680D68C6B534C23A6C4CAF1 /* Build configuration list for PBXAggregateTarget "install" */ = {
			isa = XCConfigurationList;
			buildConfigurations = (
				430CCB5E22AB4D399426A53B /* Debug */,
				1366D62E2F0D422399D6567B /* Release */,
				B6971CAE9E9A4CC2A139D544 /* MinSizeRel */,
				8FD8123A3199497A929DDAF9 /* RelWithDebInfo */,
			);
			defaultConfigurationIsVisible = 0;
			defaultConfigurationName = Debug;
		};
/* End XCConfigurationList section */
	};
	rootObject = F002F363E9D34AFEA7B24C17 /* Project object */;
}
